<?xml version="1.0" encoding="utf-8"?>
<Project ToolsVersion="4.0" xmlns="http://schemas.microsoft.com/developer/msbuild/2003">
  <ItemGroup>
    <Filter Include="Source Files">
      <UniqueIdentifier>{7129987a-cc0c-494e-b4df-544504635d78}</UniqueIdentifier>
      <Extensions>cpp;c;cxx;rc;def;r;odl;idl;hpj;bat</Extensions>
    </Filter>
    <Filter Include="Header Files">
      <UniqueIdentifier>{579508bf-8b51-4994-b727-ace1b2b4e19b}</UniqueIdentifier>
      <Extensions>h;hpp;hxx;hm;inl</Extensions>
    </Filter>
    <Filter Include="Resource Files">
      <UniqueIdentifier>{e751ddf9-761c-4869-a662-fa15e5d06881}</UniqueIdentifier>
      <Extensions>ico;cur;bmp;dlg;rc2;rct;bin;cnt;rtf;gif;jpg;jpeg;jpe</Extensions>
    </Filter>
    <Filter Include="Libraries">
      <UniqueIdentifier>{fe39f57b-cb4c-4661-98e2-1ab9c680d3cf}</UniqueIdentifier>
      <Extensions>lib</Extensions>
    </Filter>
  </ItemGroup>
  <ItemGroup>
    <ClCompile Include="ArchDoc.cpp">
      <Filter>Source Files</Filter>
    </ClCompile>
    <ClCompile Include="ArchFrame.cpp">
      <Filter>Source Files</Filter>
    </ClCompile>
    <ClCompile Include="ArchView.cpp">
      <Filter>Source Files</Filter>
    </ClCompile>
    <ClCompile Include="ChildFrm.cpp">
      <Filter>Source Files</Filter>
    </ClCompile>
    <ClCompile Include="DasmView.cpp">
      <Filter>Source Files</Filter>
    </ClCompile>
    <ClCompile Include="DebugFrame.cpp">
      <Filter>Source Files</Filter>
    </ClCompile>
    <ClCompile Include="Demis2000.cpp">
      <Filter>Source Files</Filter>
    </ClCompile>
    <ClCompile Include="DumpView.cpp">
      <Filter>Source Files</Filter>
    </ClCompile>
    <ClCompile Include="Flag.cpp">
      <Filter>Source Files</Filter>
    </ClCompile>
    <ClCompile Include="MainFrm.cpp">
      <Filter>Source Files</Filter>
    </ClCompile>
    <ClCompile Include="PrjCfgDlg.cpp">
      <Filter>Source Files</Filter>
    </ClCompile>
    <ClCompile Include="PrjDoc.cpp">
      <Filter>Source Files</Filter>
    </ClCompile>
    <ClCompile Include="PrjFrame.cpp">
      <Filter>Source Files</Filter>
    </ClCompile>
    <ClCompile Include="PrjListView.cpp">
      <Filter>Source Files</Filter>
    </ClCompile>
    <ClCompile Include="RegisterEdit.cpp">
      <Filter>Source Files</Filter>
    </ClCompile>
    <ClCompile Include="RegsView.cpp">
      <Filter>Source Files</Filter>
    </ClCompile>
    <ClCompile Include="StackView.cpp">
      <Filter>Source Files</Filter>
    </ClCompile>
    <ClCompile Include="StdAfx.cpp">
      <Filter>Source Files</Filter>
    </ClCompile>
    <ClCompile Include="StdEditDoc.cpp">
      <Filter>Source Files</Filter>
    </ClCompile>
    <ClCompile Include="StdEditView.cpp">
      <Filter>Source Files</Filter>
    </ClCompile>
    <ClCompile Include="StdElem.cpp">
      <Filter>Source Files</Filter>
    </ClCompile>
  </ItemGroup>
  <ItemGroup>
    <ResourceCompile Include="Demis2000.rc">
      <Filter>Source Files</Filter>
    </ResourceCompile>
  </ItemGroup>
  <ItemGroup>
    <ClInclude Include="ArchDoc.h">
      <Filter>Header Files</Filter>
    </ClInclude>
    <ClInclude Include="ArchFrame.h">
      <Filter>Header Files</Filter>
    </ClInclude>
    <ClInclude Include="ArchView.h">
      <Filter>Header Files</Filter>
    </ClInclude>
    <ClInclude Include="ChildFrm.h">
      <Filter>Header Files</Filter>
    </ClInclude>
    <ClInclude Include="DasmView.h">
      <Filter>Header Files</Filter>
    </ClInclude>
    <ClInclude Include="DebugFrame.h">
      <Filter>Header Files</Filter>
    </ClInclude>
    <ClInclude Include="Demis2000.h">
      <Filter>Header Files</Filter>
    </ClInclude>
    <ClInclude Include="DumpView.h">
      <Filter>Header Files</Filter>
    </ClInclude>
    <ClInclude Include="ElemInterface.h">
      <Filter>Header Files</Filter>
    </ClInclude>
    <ClInclude Include="Flag.h">
      <Filter>Header Files</Filter>
    </ClInclude>
    <ClInclude Include="MainFrm.h">
      <Filter>Header Files</Filter>
    </ClInclude>
    <ClInclude Include="PrjCfgDlg.h">
      <Filter>Header Files</Filter>
    </ClInclude>
    <ClInclude Include="PrjDoc.h">
      <Filter>Header Files</Filter>
    </ClInclude>
    <ClInclude Include="PrjFrame.h">
      <Filter>Header Files</Filter>
    </ClInclude>
    <ClInclude Include="PrjListView.h">
      <Filter>Header Files</Filter>
    </ClInclude>
    <ClInclude Include="RegisterEdit.h">
      <Filter>Header Files</Filter>
    </ClInclude>
    <ClInclude Include="RegsView.h">
      <Filter>Header Files</Filter>
    </ClInclude>
    <ClInclude Include="Resource.h">
      <Filter>Header Files</Filter>
    </ClInclude>
    <ClInclude Include="StackView.h">
      <Filter>Header Files</Filter>
    </ClInclude>
    <ClInclude Include="StdAfx.h">
      <Filter>Header Files</Filter>
    </ClInclude>
    <ClInclude Include="StdEditDoc.h">
      <Filter>Header Files</Filter>
    </ClInclude>
    <ClInclude Include="StdEditView.h">
      <Filter>Header Files</Filter>
    </ClInclude>
    <ClInclude Include="StdElem.h">
      <Filter>Header Files</Filter>
    </ClInclude>
    <ClInclude Include="StdElem\StdElem.h">
      <Filter>Header Files</Filter>
    </ClInclude>
    <ClInclude Include="definitions.h">
      <Filter>Header Files</Filter>
    </ClInclude>
  </ItemGroup>
  <ItemGroup>
    <Image Include="res\Arch.ico">
      <Filter>Resource Files</Filter>
    </Image>
    <Image Include="res\ArchTypeC.bmp">
      <Filter>Resource Files</Filter>
    </Image>
    <Image Include="res\Asm.ico">
      <Filter>Resource Files</Filter>
    </Image>
    <Image Include="res\Clsdfold.ico">
      <Filter>Resource Files</Filter>
    </Image>
    <Image Include="res\Debug.ico">
      <Filter>Resource Files</Filter>
    </Image>
    <Image Include="res\Demis2000.ico">
      <Filter>Resource Files</Filter>
    </Image>
    <Image Include="res\Demis2000Doc.ico">
      <Filter>Resource Files</Filter>
    </Image>
    <Image Include="res\Openfold.ico">
      <Filter>Resource Files</Filter>
    </Image>
    <Image Include="res\Prj.ico">
      <Filter>Resource Files</Filter>
    </Image>
    <Image Include="res\ToolBarC.bmp">
      <Filter>Resource Files</Filter>
    </Image>
    <Image Include="res\Toolbar.bmp">
      <Filter>Resource Files</Filter>
    </Image>
    <Image Include="res\archtype.bmp">
      <Filter>Resource Files</Filter>
    </Image>
    <Image Include="res\ico00001.ico">
      <Filter>Resource Files</Filter>
    </Image>
    <Image Include="res\ico00002.ico">
      <Filter>Resource Files</Filter>
    </Image>
    <Image Include="res\icon1.ico">
      <Filter>Resource Files</Filter>
    </Image>
    <Image Include="res\idr_assm.ico">
      <Filter>Resource Files</Filter>
    </Image>
    <Image Include="res\idr_main.ico">
      <Filter>Resource Files</Filter>
    </Image>
    <Image Include="res\mainfram.bmp">
      <Filter>Resource Files</Filter>
    </Image>
    <Image Include="RGATU.bmp">
      <Filter>Resource Files</Filter>
    </Image>
  </ItemGroup>
  <ItemGroup>
    <None Include="res\Demis2000.rc2">
      <Filter>Resource Files</Filter>
    </None>
    <None Include="res\rt_manif.bin">
      <Filter>Resource Files</Filter>
    </None>
    <None Include="Debug\Assm.dll">
      <Filter>Libraries</Filter>
    </None>
    <None Include="Debug\Dasm.dll">
      <Filter>Libraries</Filter>
    </None>
    <None Include="Demis2000.reg" />
  </ItemGroup>
  <ItemGroup>
    <Library Include="Debug\Emulator.lib">
      <Filter>Libraries</Filter>
    </Library>
    <Library Include="htmlhelp.lib">
      <Filter>Libraries</Filter>
    </Library>
  </ItemGroup>
  <ItemGroup>
    <Text Include="ReadMe.txt" />
  </ItemGroup>
  <ItemGroup>
    <CustomBuild Include="Help\Demis.hhp" />
  </ItemGroup>
  <ItemGroup>
    <Manifest Include="res\Demis2000.manifest">
      <Filter>Resource Files</Filter>
    </Manifest>
  </ItemGroup>
</Project>