<?xml version="1.0" encoding="utf-8"?>
<Project ToolsVersion="4.0" xmlns="http://schemas.microsoft.com/developer/msbuild/2003">
  <ItemGroup>
    <Filter Include="Source Files">
      <UniqueIdentifier>{2d12c599-579e-46a9-b1c3-2c63664eb4d6}</UniqueIdentifier>
      <Extensions>cpp;c;cxx;rc;def;r;odl;idl;hpj;bat</Extensions>
    </Filter>
    <Filter Include="Header Files">
      <UniqueIdentifier>{e22d9073-d428-4cf9-ad00-5064c015b1bf}</UniqueIdentifier>
      <Extensions>h;hpp;hxx;hm;inl</Extensions>
    </Filter>
    <Filter Include="Resource Files">
      <UniqueIdentifier>{11101dd9-d7c8-4df8-ad77-cb5b83bb5c43}</UniqueIdentifier>
      <Extensions>ico;cur;bmp;dlg;rc2;rct;bin;rgs;gif;jpg;jpeg;jpe</Extensions>
    </Filter>
  </ItemGroup>
  <ItemGroup>
    <ClCompile Include="ADCElement.cpp">
      <Filter>Source Files</Filter>
    </ClCompile>
    <ClCompile Include="AddressDlg.cpp">
      <Filter>Source Files</Filter>
    </ClCompile>
    <ClCompile Include="BeepElement.cpp">
      <Filter>Source Files</Filter>
    </ClCompile>
    <ClCompile Include="Button.cpp">
      <Filter>Source Files</Filter>
    </ClCompile>
    <ClCompile Include="ElemInterf.cpp">
      <Filter>Source Files</Filter>
    </ClCompile>
    <ClCompile Include="ElementWnd.cpp">
      <Filter>Source Files</Filter>
    </ClCompile>
    <ClCompile Include="Indicator.cpp">
      <Filter>Source Files</Filter>
    </ClCompile>
    <ClCompile Include="IndicatorDyn.cpp">
      <Filter>Source Files</Filter>
    </ClCompile>
    <ClCompile Include="InputPort.cpp">
      <Filter>Source Files</Filter>
    </ClCompile>
    <ClCompile Include="KbdElement.cpp">
      <Filter>Source Files</Filter>
    </ClCompile>
    <ClCompile Include="Label.cpp">
      <Filter>Source Files</Filter>
    </ClCompile>
    <ClCompile Include="LedElement.cpp">
      <Filter>Source Files</Filter>
    </ClCompile>
    <ClCompile Include="MatrixElem.cpp">
      <Filter>Source Files</Filter>
    </ClCompile>
    <ClCompile Include="OutputPort.cpp">
      <Filter>Source Files</Filter>
    </ClCompile>
    <ClCompile Include="StdAfx.cpp">
      <Filter>Source Files</Filter>
    </ClCompile>
    <ClCompile Include="TextDlg.cpp">
      <Filter>Source Files</Filter>
    </ClCompile>
    <ClCompile Include="StdElemApp.cpp">
      <Filter>Source Files</Filter>
    </ClCompile>
    <ClCompile Include="ElementBase.cpp">
      <Filter>Source Files</Filter>
    </ClCompile>
    <ClCompile Include="utils.cpp">
      <Filter>Source Files</Filter>
    </ClCompile>
    <ClCompile Include="vi54.cpp">
      <Filter>Source Files</Filter>
    </ClCompile>
    <ClCompile Include="vi54counter.cpp">
      <Filter>Source Files</Filter>
    </ClCompile>
    <ClCompile Include="Vi54Element.cpp">
      <Filter>Source Files</Filter>
    </ClCompile>
    <ClCompile Include="CAdcSliderCtrl.cpp">
      <Filter>Source Files</Filter>
    </ClCompile>
    <ClCompile Include="Vi54SettingsDlg.cpp">
      <Filter>Source Files</Filter>
    </ClCompile>
    <ClCompile Include="Vi54IoPort.cpp">
      <Filter>Source Files</Filter>
    </ClCompile>
    <ClCompile Include="IrqElement.cpp">
      <Filter>Source Files</Filter>
    </ClCompile>
    <ClCompile Include="IrqSettingsDlg.cpp">
      <Filter>Source Files</Filter>
    </ClCompile>
    <ClCompile Include="Connector.cpp">
      <Filter>Source Files</Filter>
    </ClCompile>
  </ItemGroup>
  <ItemGroup>
    <None Include="ElemLib.rgs">
      <Filter>Resource Files</Filter>
    </None>
    <None Include="Element.rgs">
      <Filter>Resource Files</Filter>
    </None>
    <None Include="StdElem.def">
      <Filter>Source Files</Filter>
    </None>
  </ItemGroup>
  <ItemGroup>
    <ResourceCompile Include="StdElem.rc">
      <Filter>Source Files</Filter>
    </ResourceCompile>
  </ItemGroup>
  <ItemGroup>
    <ClInclude Include="ADCElement.h">
      <Filter>Header Files</Filter>
    </ClInclude>
    <ClInclude Include="AddressDlg.h">
      <Filter>Header Files</Filter>
    </ClInclude>
    <ClInclude Include="BeepElement.h">
      <Filter>Header Files</Filter>
    </ClInclude>
    <ClInclude Include="Button.h">
      <Filter>Header Files</Filter>
    </ClInclude>
    <ClInclude Include="ElemInterf.h">
      <Filter>Header Files</Filter>
    </ClInclude>
    <ClInclude Include="..\ElemInterface.h">
      <Filter>Header Files</Filter>
    </ClInclude>
    <ClInclude Include="ElementWnd.h">
      <Filter>Header Files</Filter>
    </ClInclude>
    <ClInclude Include="Indicator.h">
      <Filter>Header Files</Filter>
    </ClInclude>
    <ClInclude Include="IndicatorDyn.h">
      <Filter>Header Files</Filter>
    </ClInclude>
    <ClInclude Include="InputPort.h">
      <Filter>Header Files</Filter>
    </ClInclude>
    <ClInclude Include="Label.h">
      <Filter>Header Files</Filter>
    </ClInclude>
    <ClInclude Include="LedElement.h">
      <Filter>Header Files</Filter>
    </ClInclude>
    <ClInclude Include="OutputPort.h">
      <Filter>Header Files</Filter>
    </ClInclude>
    <ClInclude Include="Resource.h">
      <Filter>Header Files</Filter>
    </ClInclude>
    <ClInclude Include="StdAfx.h">
      <Filter>Header Files</Filter>
    </ClInclude>
    <ClInclude Include="StdElemApp.h">
      <Filter>Header Files</Filter>
    </ClInclude>
    <ClInclude Include="TextDlg.h">
      <Filter>Header Files</Filter>
    </ClInclude>
    <ClInclude Include="kbdelement.h">
      <Filter>Header Files</Filter>
    </ClInclude>
    <ClInclude Include="matrixelem.h">
      <Filter>Header Files</Filter>
    </ClInclude>
    <ClInclude Include="ElementBase.h">
      <Filter>Header Files</Filter>
    </ClInclude>
    <ClInclude Include="utils.h">
      <Filter>Header Files</Filter>
    </ClInclude>
    <ClInclude Include="vi54.h">
      <Filter>Header Files</Filter>
    </ClInclude>
    <ClInclude Include="control_word.h">
      <Filter>Header Files</Filter>
    </ClInclude>
    <ClInclude Include="vi54counter.h">
      <Filter>Header Files</Filter>
    </ClInclude>
    <ClInclude Include="Vi54Element.h">
      <Filter>Header Files</Filter>
    </ClInclude>
    <ClInclude Include="CAdcSliderCtrl.h">
      <Filter>Header Files</Filter>
    </ClInclude>
    <ClInclude Include="Vi54SettingsDlg.h">
      <Filter>Header Files</Filter>
    </ClInclude>
    <ClInclude Include="Vi54IoPort.h">
      <Filter>Header Files</Filter>
    </ClInclude>
    <ClInclude Include="IrqElement.h">
      <Filter>Header Files</Filter>
    </ClInclude>
    <ClInclude Include="IrqSettingsDlg.h">
      <Filter>Header Files</Filter>
    </ClInclude>
    <ClInclude Include="Connector.h">
      <Filter>Header Files</Filter>
    </ClInclude>
  </ItemGroup>
  <ItemGroup>
    <Image Include="res\Beep.ico">
      <Filter>Resource Files</Filter>
    </Image>
    <Image Include="res\Numbers.bmp">
      <Filter>Resource Files</Filter>
    </Image>
    <Image Include="res\adc.bmp">
      <Filter>Resource Files</Filter>
    </Image>
    <Image Include="res\adc.ico">
      <Filter>Resource Files</Filter>
    </Image>
    <Image Include="res\beep.bmp">
      <Filter>Resource Files</Filter>
    </Image>
    <Image Include="res\button.bmp">
      <Filter>Resource Files</Filter>
    </Image>
    <Image Include="res\button.ico">
      <Filter>Resource Files</Filter>
    </Image>
    <Image Include="res\chars.bmp">
      <Filter>Resource Files</Filter>
    </Image>
    <Image Include="res\indicato.bmp">
      <Filter>Resource Files</Filter>
    </Image>
    <Image Include="res\indicator.bmp">
      <Filter>Resource Files</Filter>
    </Image>
    <Image Include="res\indicator.ico">
      <Filter>Resource Files</Filter>
    </Image>
    <Image Include="res\input_port.bmp">
      <Filter>Resource Files</Filter>
    </Image>
    <Image Include="res\input_port.ico">
      <Filter>Resource Files</Filter>
    </Image>
    <Image Include="res\kbd.bmp">
      <Filter>Resource Files</Filter>
    </Image>
    <Image Include="res\keyboard.ico">
      <Filter>Resource Files</Filter>
    </Image>
    <Image Include="res\label.bmp">
      <Filter>Resource Files</Filter>
    </Image>
    <Image Include="res\label.ico">
      <Filter>Resource Files</Filter>
    </Image>
    <Image Include="res\label3.bmp">
      <Filter>Resource Files</Filter>
    </Image>
    <Image Include="res\led.bmp">
      <Filter>Resource Files</Filter>
    </Image>
    <Image Include="res\led.ico">
      <Filter>Resource Files</Filter>
    </Image>
    <Image Include="res\matrix.bmp">
      <Filter>Resource Files</Filter>
    </Image>
    <Image Include="res\matrix.ico">
      <Filter>Resource Files</Filter>
    </Image>
    <Image Include="res\out_port.bmp">
      <Filter>Resource Files</Filter>
    </Image>
    <Image Include="res\out_port.ico">
      <Filter>Resource Files</Filter>
    </Image>
    <Image Include="\\tsclient\_home_anton_tmp\vi54.png">
      <Filter>Resource Files</Filter>
    </Image>
    <Image Include="res\vi54_icon.bmp">
      <Filter>Resource Files</Filter>
    </Image>
    <Image Include="res\irq.bmp">
      <Filter>Resource Files</Filter>
    </Image>
    <Image Include="res\bitmap1.bmp">
      <Filter>Resource Files</Filter>
    </Image>
    <Image Include="res\connector.bmp">
      <Filter>Resource Files</Filter>
    </Image>
    <Image Include="res\connector_type_1.bmp">
      <Filter>Resource Files</Filter>
    </Image>
    <Image Include="res\connector_type_2.bmp">
      <Filter>Resource Files</Filter>
    </Image>
    <Image Include="res\connector_type_3.bmp">
      <Filter>Resource Files</Filter>
    </Image>
    <Image Include="res\connector_type_4.bmp">
      <Filter>Resource Files</Filter>
    </Image>
  </ItemGroup>
</Project>